
Microsoft Visual Studio Solution File, Format Version 12.00
# Visual Studio Version 17
VisualStudioVersion = 17.2.32630.192
MinimumVisualStudioVersion = 10.0.40219.1
Project("{FAE04EC0-301F-11D3-BF4B-00C04F79EFBC}") = "HealthSystemV2", "HealthSystemV2\HealthSystemV2.csproj", "{8EB04051-E01E-4D40-B75E-70BC7236D913}"
EndProject
Global
	GlobalSection(SolutionConfigurationPlatforms) = preSolution
		Debug|Any CPU = Debug|Any CPU
		Release|Any CPU = Release|Any CPU
	EndGlobalSection
	GlobalSection(ProjectConfigurationPlatforms) = postSolution
		{8EB04051-E01E-4D40-B75E-70BC7236D913}.Debug|Any CPU.ActiveCfg = Debug|Any CPU
		{8EB04051-E01E-4D40-B75E-70BC7236D913}.Debug|Any CPU.Build.0 = Debug|Any CPU
		{8EB04051-E01E-4D40-B75E-70BC7236D913}.Release|Any CPU.ActiveCfg = Release|Any CPU
		{8EB04051-E01E-4D40-B75E-70BC7236D913}.Release|Any CPU.Build.0 = Release|Any CPU
	EndGlobalSection
	GlobalSection(SolutionProperties) = preSolution
		HideSolutionNode = FALSE
	EndGlobalSection
	GlobalSection(ExtensibilityGlobals) = postSolution
		SolutionGuid = {7E27D48B-AE69-4A24-95D5-A7B1EAC4A054}
	EndGlobalSection
EndGlobal
